
Microsoft Visual Studio Solution File, Format Version 12.00
# Visual Studio Version 17
VisualStudioVersion = 17.10.35013.160
MinimumVisualStudioVersion = 10.0.40219.1
Project("{FAE04EC0-301F-11D3-BF4B-00C04F79EFBC}") = "WebApplication2", "WebApplication2\WebApplication2.csproj", "{0A2DDA57-F033-4815-B853-1A08A43894CD}"
EndProject
Global
	GlobalSection(SolutionConfigurationPlatforms) = preSolution
		Debug|Any CPU = Debug|Any CPU
		Release|Any CPU = Release|Any CPU
	EndGlobalSection
	GlobalSection(ProjectConfigurationPlatforms) = postSolution
		{0A2DDA57-F033-4815-B853-1A08A43894CD}.Debug|Any CPU.ActiveCfg = Debug|Any CPU
		{0A2DDA57-F033-4815-B853-1A08A43894CD}.Debug|Any CPU.Build.0 = Debug|Any CPU
		{0A2DDA57-F033-4815-B853-1A08A43894CD}.Release|Any CPU.ActiveCfg = Release|Any CPU
		{0A2DDA57-F033-4815-B853-1A08A43894CD}.Release|Any CPU.Build.0 = Release|Any CPU
	EndGlobalSection
	GlobalSection(SolutionProperties) = preSolution
		HideSolutionNode = FALSE
	EndGlobalSection
	GlobalSection(ExtensibilityGlobals) = postSolution
		SolutionGuid = {EBD96907-9DA0-441C-9B12-A247F64DFF68}
	EndGlobalSection
EndGlobal
